
Microsoft Visual Studio Solution File, Format Version 12.00
# Visual Studio Version 17
VisualStudioVersion = 17.2.32616.157
MinimumVisualStudioVersion = 10.0.40219.1
Project("{2150E333-8FDC-42A3-9474-1A3956D46DE8}") = "iTin", "iTin", "{44BBF122-1643-409A-8ED5-21FB2719AD16}"
EndProject
Project("{2150E333-8FDC-42A3-9474-1A3956D46DE8}") = "lib", "lib", "{CCD1C1E5-A24C-4A57-BACA-28A2840BDC16}"
EndProject
Project("{2150E333-8FDC-42A3-9474-1A3956D46DE8}") = "iTin.Core", "iTin.Core", "{575E4902-B509-4819-8355-7CB45305BE28}"
EndProject
Project("{9A19103F-16F7-4668-BE54-9A1E7A4F7556}") = "iTin.Mail.Smtp.Net", "src\iTin.Mail.Smtp.Net.csproj", "{DAAF6617-96FD-4B35-852C-60ABE29DDBE5}"
EndProject
Project("{9A19103F-16F7-4668-BE54-9A1E7A4F7556}") = "iTin.Core", "..\..\iTin.Core\iTin.Core\src\iTin.Core.csproj", "{96FDDA27-A65A-4552-9AFC-ACC0EBA9163C}"
EndProject
Global
	GlobalSection(SolutionConfigurationPlatforms) = preSolution
		Debug|Any CPU = Debug|Any CPU
		Release|Any CPU = Release|Any CPU
	EndGlobalSection
	GlobalSection(ProjectConfigurationPlatforms) = postSolution
		{DAAF6617-96FD-4B35-852C-60ABE29DDBE5}.Debug|Any CPU.ActiveCfg = Debug|Any CPU
		{DAAF6617-96FD-4B35-852C-60ABE29DDBE5}.Debug|Any CPU.Build.0 = Debug|Any CPU
		{DAAF6617-96FD-4B35-852C-60ABE29DDBE5}.Release|Any CPU.ActiveCfg = Release|Any CPU
		{DAAF6617-96FD-4B35-852C-60ABE29DDBE5}.Release|Any CPU.Build.0 = Release|Any CPU
		{96FDDA27-A65A-4552-9AFC-ACC0EBA9163C}.Debug|Any CPU.ActiveCfg = Debug|Any CPU
		{96FDDA27-A65A-4552-9AFC-ACC0EBA9163C}.Debug|Any CPU.Build.0 = Debug|Any CPU
		{96FDDA27-A65A-4552-9AFC-ACC0EBA9163C}.Release|Any CPU.ActiveCfg = Release|Any CPU
		{96FDDA27-A65A-4552-9AFC-ACC0EBA9163C}.Release|Any CPU.Build.0 = Release|Any CPU
	EndGlobalSection
	GlobalSection(SolutionProperties) = preSolution
		HideSolutionNode = FALSE
	EndGlobalSection
	GlobalSection(NestedProjects) = preSolution
		{44BBF122-1643-409A-8ED5-21FB2719AD16} = {CCD1C1E5-A24C-4A57-BACA-28A2840BDC16}
		{575E4902-B509-4819-8355-7CB45305BE28} = {44BBF122-1643-409A-8ED5-21FB2719AD16}
		{96FDDA27-A65A-4552-9AFC-ACC0EBA9163C} = {575E4902-B509-4819-8355-7CB45305BE28}
	EndGlobalSection
	GlobalSection(ExtensibilityGlobals) = postSolution
		SolutionGuid = {7E253257-825E-40F1-9BD8-3624F02E7544}
	EndGlobalSection
EndGlobal
